
Microsoft Visual Studio Solution File, Format Version 12.00
# Visual Studio 14
VisualStudioVersion = 14.0.23107.0
MinimumVisualStudioVersion = 10.0.40219.1
Project("{2150E333-8FDC-42A3-9474-1A3956D46DE8}") = "Source Data", "Source Data", "{00E72A89-1484-4CD2-9745-E04CB2230214}"
EndProject
Project("{2150E333-8FDC-42A3-9474-1A3956D46DE8}") = "Hub", "Hub", "{C523780D-EDA2-4E90-959D-05BAC9B1FAA1}"
EndProject
Project("{2150E333-8FDC-42A3-9474-1A3956D46DE8}") = "Mercury", "Mercury", "{5396A3F9-F133-4D42-8523-8DD327C78E3B}"
EndProject
Project("{2150E333-8FDC-42A3-9474-1A3956D46DE8}") = "Memphis", "Memphis", "{7235122C-9F24-4F5F-A150-FD88A22952CD}"
EndProject
Project("{2150E333-8FDC-42A3-9474-1A3956D46DE8}") = ".nuget", ".nuget", "{25F7E44B-4074-4B19-9DD7-1EB56AB77392}"
	ProjectSection(SolutionItems) = preProject
		.nuget\packages.config = .nuget\packages.config
	EndProjectSection
EndProject
Project("{FAE04EC0-301F-11D3-BF4B-00C04F79EFBC}") = "Top3000Albums", "Top3000Albums\Top3000Albums.csproj", "{8629286D-8ED2-428A-BED1-EE8445AA1682}"
EndProject
Project("{FAE04EC0-301F-11D3-BF4B-00C04F79EFBC}") = "Hub.Domain", "Hub.Domain\Hub.Domain.csproj", "{41D19B25-FF29-40F0-8F92-0D9A9D651018}"
EndProject
Project("{FAE04EC0-301F-11D3-BF4B-00C04F79EFBC}") = "Mercury.Console", "Mercury.Console\Mercury.Console.csproj", "{4FE4A143-442C-4A4C-A5A2-A770C660F817}"
EndProject
Project("{FAE04EC0-301F-11D3-BF4B-00C04F79EFBC}") = "MusicBrainz", "MusicBrainz\MusicBrainz.csproj", "{A845794E-5D9E-43E5-B2DA-BA76BEAF26CF}"
EndProject
Project("{FAE04EC0-301F-11D3-BF4B-00C04F79EFBC}") = "Hub.Website", "Hub.Website\Hub.Website.csproj", "{C4FE5D47-F556-4BE7-9FB9-4B2F4DF03896}"
EndProject
Project("{FAE04EC0-301F-11D3-BF4B-00C04F79EFBC}") = "Hub.Website.Tests", "Hub.Website.Tests\Hub.Website.Tests.csproj", "{B52BD9FE-BB25-40A8-8DC3-27D23771B638}"
EndProject
Project("{FAE04EC0-301F-11D3-BF4B-00C04F79EFBC}") = "Memphis.Website", "Memphis.Website\Memphis.Website.csproj", "{517C1594-6EEC-4985-8610-A49C204CA532}"
EndProject
Project("{FAE04EC0-301F-11D3-BF4B-00C04F79EFBC}") = "Memphis.Website.Tests", "Memphis.Website.Tests\Memphis.Website.Tests.csproj", "{2EF246DF-52AB-4B00-B4DC-2B702BCFF89F}"
EndProject
Project("{FAE04EC0-301F-11D3-BF4B-00C04F79EFBC}") = "Memphis.Database", "Memphis.Database\Memphis.Database.csproj", "{A2157C78-0240-493E-9AA0-B31CAD566187}"
EndProject
Project("{FAE04EC0-301F-11D3-BF4B-00C04F79EFBC}") = "Memphis.Database.IntegrationTests", "Memphis.Database.IntegrationTests\Memphis.Database.IntegrationTests.csproj", "{37403186-3986-4FB7-B9FC-9D410B69D2FA}"
EndProject
Project("{FAE04EC0-301F-11D3-BF4B-00C04F79EFBC}") = "Memphis.BusinessLogic", "Memphis.BusinessLogic\Memphis.BusinessLogic.csproj", "{FCF3C0CC-C303-4BD5-904E-3715D6A94928}"
EndProject
Project("{FAE04EC0-301F-11D3-BF4B-00C04F79EFBC}") = "MusicBrainz.IntegrationTests", "MusicBrainz.IntegrationTests\MusicBrainz.IntegrationTests.csproj", "{E92CC546-2474-4E62-8367-04D9D6A6C247}"
EndProject
Project("{FAE04EC0-301F-11D3-BF4B-00C04F79EFBC}") = "Memphis.BusinessLogic.Tests", "Memphis.BusinessLogic.Tests\Memphis.BusinessLogic.Tests.csproj", "{F2C989E7-08EC-4768-92B9-163BD12BC907}"
EndProject
Global
	GlobalSection(SolutionConfigurationPlatforms) = preSolution
		Debug|Any CPU = Debug|Any CPU
		Release|Any CPU = Release|Any CPU
	EndGlobalSection
	GlobalSection(ProjectConfigurationPlatforms) = postSolution
		{8629286D-8ED2-428A-BED1-EE8445AA1682}.Debug|Any CPU.ActiveCfg = Debug|Any CPU
		{8629286D-8ED2-428A-BED1-EE8445AA1682}.Debug|Any CPU.Build.0 = Debug|Any CPU
		{8629286D-8ED2-428A-BED1-EE8445AA1682}.Release|Any CPU.ActiveCfg = Release|Any CPU
		{8629286D-8ED2-428A-BED1-EE8445AA1682}.Release|Any CPU.Build.0 = Release|Any CPU
		{41D19B25-FF29-40F0-8F92-0D9A9D651018}.Debug|Any CPU.ActiveCfg = Debug|Any CPU
		{41D19B25-FF29-40F0-8F92-0D9A9D651018}.Debug|Any CPU.Build.0 = Debug|Any CPU
		{41D19B25-FF29-40F0-8F92-0D9A9D651018}.Release|Any CPU.ActiveCfg = Release|Any CPU
		{41D19B25-FF29-40F0-8F92-0D9A9D651018}.Release|Any CPU.Build.0 = Release|Any CPU
		{4FE4A143-442C-4A4C-A5A2-A770C660F817}.Debug|Any CPU.ActiveCfg = Debug|Any CPU
		{4FE4A143-442C-4A4C-A5A2-A770C660F817}.Debug|Any CPU.Build.0 = Debug|Any CPU
		{4FE4A143-442C-4A4C-A5A2-A770C660F817}.Release|Any CPU.ActiveCfg = Release|Any CPU
		{4FE4A143-442C-4A4C-A5A2-A770C660F817}.Release|Any CPU.Build.0 = Release|Any CPU
		{A845794E-5D9E-43E5-B2DA-BA76BEAF26CF}.Debug|Any CPU.ActiveCfg = Debug|Any CPU
		{A845794E-5D9E-43E5-B2DA-BA76BEAF26CF}.Debug|Any CPU.Build.0 = Debug|Any CPU
		{A845794E-5D9E-43E5-B2DA-BA76BEAF26CF}.Release|Any CPU.ActiveCfg = Release|Any CPU
		{A845794E-5D9E-43E5-B2DA-BA76BEAF26CF}.Release|Any CPU.Build.0 = Release|Any CPU
		{C4FE5D47-F556-4BE7-9FB9-4B2F4DF03896}.Debug|Any CPU.ActiveCfg = Debug|Any CPU
		{C4FE5D47-F556-4BE7-9FB9-4B2F4DF03896}.Debug|Any CPU.Build.0 = Debug|Any CPU
		{C4FE5D47-F556-4BE7-9FB9-4B2F4DF03896}.Release|Any CPU.ActiveCfg = Release|Any CPU
		{C4FE5D47-F556-4BE7-9FB9-4B2F4DF03896}.Release|Any CPU.Build.0 = Release|Any CPU
		{B52BD9FE-BB25-40A8-8DC3-27D23771B638}.Debug|Any CPU.ActiveCfg = Debug|Any CPU
		{B52BD9FE-BB25-40A8-8DC3-27D23771B638}.Debug|Any CPU.Build.0 = Debug|Any CPU
		{B52BD9FE-BB25-40A8-8DC3-27D23771B638}.Release|Any CPU.ActiveCfg = Release|Any CPU
		{B52BD9FE-BB25-40A8-8DC3-27D23771B638}.Release|Any CPU.Build.0 = Release|Any CPU
		{517C1594-6EEC-4985-8610-A49C204CA532}.Debug|Any CPU.ActiveCfg = Debug|Any CPU
		{517C1594-6EEC-4985-8610-A49C204CA532}.Debug|Any CPU.Build.0 = Debug|Any CPU
		{517C1594-6EEC-4985-8610-A49C204CA532}.Release|Any CPU.ActiveCfg = Release|Any CPU
		{517C1594-6EEC-4985-8610-A49C204CA532}.Release|Any CPU.Build.0 = Release|Any CPU
		{2EF246DF-52AB-4B00-B4DC-2B702BCFF89F}.Debug|Any CPU.ActiveCfg = Debug|Any CPU
		{2EF246DF-52AB-4B00-B4DC-2B702BCFF89F}.Debug|Any CPU.Build.0 = Debug|Any CPU
		{2EF246DF-52AB-4B00-B4DC-2B702BCFF89F}.Release|Any CPU.ActiveCfg = Release|Any CPU
		{2EF246DF-52AB-4B00-B4DC-2B702BCFF89F}.Release|Any CPU.Build.0 = Release|Any CPU
		{A2157C78-0240-493E-9AA0-B31CAD566187}.Debug|Any CPU.ActiveCfg = Debug|Any CPU
		{A2157C78-0240-493E-9AA0-B31CAD566187}.Debug|Any CPU.Build.0 = Debug|Any CPU
		{A2157C78-0240-493E-9AA0-B31CAD566187}.Release|Any CPU.ActiveCfg = Release|Any CPU
		{A2157C78-0240-493E-9AA0-B31CAD566187}.Release|Any CPU.Build.0 = Release|Any CPU
		{37403186-3986-4FB7-B9FC-9D410B69D2FA}.Debug|Any CPU.ActiveCfg = Debug|Any CPU
		{37403186-3986-4FB7-B9FC-9D410B69D2FA}.Debug|Any CPU.Build.0 = Debug|Any CPU
		{37403186-3986-4FB7-B9FC-9D410B69D2FA}.Release|Any CPU.ActiveCfg = Release|Any CPU
		{37403186-3986-4FB7-B9FC-9D410B69D2FA}.Release|Any CPU.Build.0 = Release|Any CPU
		{FCF3C0CC-C303-4BD5-904E-3715D6A94928}.Debug|Any CPU.ActiveCfg = Debug|Any CPU
		{FCF3C0CC-C303-4BD5-904E-3715D6A94928}.Debug|Any CPU.Build.0 = Debug|Any CPU
		{FCF3C0CC-C303-4BD5-904E-3715D6A94928}.Release|Any CPU.ActiveCfg = Release|Any CPU
		{FCF3C0CC-C303-4BD5-904E-3715D6A94928}.Release|Any CPU.Build.0 = Release|Any CPU
		{E92CC546-2474-4E62-8367-04D9D6A6C247}.Debug|Any CPU.ActiveCfg = Debug|Any CPU
		{E92CC546-2474-4E62-8367-04D9D6A6C247}.Debug|Any CPU.Build.0 = Debug|Any CPU
		{E92CC546-2474-4E62-8367-04D9D6A6C247}.Release|Any CPU.ActiveCfg = Release|Any CPU
		{E92CC546-2474-4E62-8367-04D9D6A6C247}.Release|Any CPU.Build.0 = Release|Any CPU
		{F2C989E7-08EC-4768-92B9-163BD12BC907}.Debug|Any CPU.ActiveCfg = Debug|Any CPU
		{F2C989E7-08EC-4768-92B9-163BD12BC907}.Debug|Any CPU.Build.0 = Debug|Any CPU
		{F2C989E7-08EC-4768-92B9-163BD12BC907}.Release|Any CPU.ActiveCfg = Release|Any CPU
		{F2C989E7-08EC-4768-92B9-163BD12BC907}.Release|Any CPU.Build.0 = Release|Any CPU
	EndGlobalSection
	GlobalSection(SolutionProperties) = preSolution
		HideSolutionNode = FALSE
	EndGlobalSection
	GlobalSection(NestedProjects) = preSolution
		{8629286D-8ED2-428A-BED1-EE8445AA1682} = {00E72A89-1484-4CD2-9745-E04CB2230214}
		{41D19B25-FF29-40F0-8F92-0D9A9D651018} = {C523780D-EDA2-4E90-959D-05BAC9B1FAA1}
		{4FE4A143-442C-4A4C-A5A2-A770C660F817} = {5396A3F9-F133-4D42-8523-8DD327C78E3B}
		{A845794E-5D9E-43E5-B2DA-BA76BEAF26CF} = {00E72A89-1484-4CD2-9745-E04CB2230214}
		{C4FE5D47-F556-4BE7-9FB9-4B2F4DF03896} = {C523780D-EDA2-4E90-959D-05BAC9B1FAA1}
		{B52BD9FE-BB25-40A8-8DC3-27D23771B638} = {C523780D-EDA2-4E90-959D-05BAC9B1FAA1}
		{517C1594-6EEC-4985-8610-A49C204CA532} = {7235122C-9F24-4F5F-A150-FD88A22952CD}
		{2EF246DF-52AB-4B00-B4DC-2B702BCFF89F} = {7235122C-9F24-4F5F-A150-FD88A22952CD}
		{A2157C78-0240-493E-9AA0-B31CAD566187} = {7235122C-9F24-4F5F-A150-FD88A22952CD}
		{37403186-3986-4FB7-B9FC-9D410B69D2FA} = {7235122C-9F24-4F5F-A150-FD88A22952CD}
		{FCF3C0CC-C303-4BD5-904E-3715D6A94928} = {7235122C-9F24-4F5F-A150-FD88A22952CD}
		{E92CC546-2474-4E62-8367-04D9D6A6C247} = {00E72A89-1484-4CD2-9745-E04CB2230214}
		{F2C989E7-08EC-4768-92B9-163BD12BC907} = {7235122C-9F24-4F5F-A150-FD88A22952CD}
	EndGlobalSection
EndGlobal
